
Microsoft Visual Studio Solution File, Format Version 12.00
# Visual Studio Version 17
VisualStudioVersion = 17.14.36623.8 d17.14
MinimumVisualStudioVersion = 10.0.40219.1
Project("{FAE04EC0-301F-11D3-BF4B-00C04F79EFBC}") = "backend", "backend\backend.csproj", "{51E38CE8-9D9A-49E1-9FA7-CE6C13603DAA}"
EndProject
Global
	GlobalSection(SolutionConfigurationPlatforms) = preSolution
		Debug|Any CPU = Debug|Any CPU
		Release|Any CPU = Release|Any CPU
	EndGlobalSection
	GlobalSection(ProjectConfigurationPlatforms) = postSolution
		{51E38CE8-9D9A-49E1-9FA7-CE6C13603DAA}.Debug|Any CPU.ActiveCfg = Debug|Any CPU
		{51E38CE8-9D9A-49E1-9FA7-CE6C13603DAA}.Debug|Any CPU.Build.0 = Debug|Any CPU
		{51E38CE8-9D9A-49E1-9FA7-CE6C13603DAA}.Release|Any CPU.ActiveCfg = Release|Any CPU
		{51E38CE8-9D9A-49E1-9FA7-CE6C13603DAA}.Release|Any CPU.Build.0 = Release|Any CPU
	EndGlobalSection
	GlobalSection(SolutionProperties) = preSolution
		HideSolutionNode = FALSE
	EndGlobalSection
	GlobalSection(ExtensibilityGlobals) = postSolution
		SolutionGuid = {E511F86A-2881-4AEE-993B-2F132C4000E2}
	EndGlobalSection
EndGlobal
